// !$*UTF8*$!
{
	archiveVersion = 1;
	classes = {
	};
	objectVersion = 56;
	objects = {

/* Begin PBXBuildFile section */
		3FFFC33E2A55787F00D8C2C9 /* BasicDictApp.swift in Sources */ = {isa = PBXBuildFile; fileRef = 3FFFC33D2A55787F00D8C2C9 /* BasicDictApp.swift */; };
		3FFFC3402A55787F00D8C2C9 /* PokemonListView.swift in Sources */ = {isa = PBXBuildFile; fileRef = 3FFFC33F2A55787F00D8C2C9 /* PokemonListView.swift */; };
		3FFFC3422A55788000D8C2C9 /* Assets.xcassets in Resources */ = {isa = PBXBuildFile; fileRef = 3FFFC3412A55788000D8C2C9 /* Assets.xcassets */; };
		3FFFC3452A55788000D8C2C9 /* Preview Assets.xcassets in Resources */ = {isa = PBXBuildFile; fileRef = 3FFFC3442A55788000D8C2C9 /* Preview Assets.xcassets */; };
		3FFFC34D2A55790E00D8C2C9 /* Pokemon.swift in Sources */ = {isa = PBXBuildFile; fileRef = 3FFFC34C2A55790E00D8C2C9 /* Pokemon.swift */; };
		3FFFC3502A5587BC00D8C2C9 /* PokemonType.swift in Sources */ = {isa = PBXBuildFile; fileRef = 3FFFC34F2A5587BC00D8C2C9 /* PokemonType.swift */; };
		3FFFC3532A55883600D8C2C9 /* PockemonsData.swift in Sources */ = {isa = PBXBuildFile; fileRef = 3FFFC3522A55883600D8C2C9 /* PockemonsData.swift */; };
		3FFFC3552A558ACE00D8C2C9 /* ContentView.swift in Sources */ = {isa = PBXBuildFile; fileRef = 3FFFC3542A558ACE00D8C2C9 /* ContentView.swift */; };
		3FFFC3572A558BCB00D8C2C9 /* PokemonDetailView.swift in Sources */ = {isa = PBXBuildFile; fileRef = 3FFFC3562A558BCB00D8C2C9 /* PokemonDetailView.swift */; };
		3FFFC3592A558C3800D8C2C9 /* PockemonCellView.swift in Sources */ = {isa = PBXBuildFile; fileRef = 3FFFC3582A558C3800D8C2C9 /* PockemonCellView.swift */; };
/* End PBXBuildFile section */

/* Begin PBXFileReference section */
		3FFFC33A2A55787F00D8C2C9 /* BasicDict.app */ = {isa = PBXFileReference; explicitFileType = wrapper.application; includeInIndex = 0; path = BasicDict.app; sourceTree = BUILT_PRODUCTS_DIR; };
		3FFFC33D2A55787F00D8C2C9 /* BasicDictApp.swift */ = {isa = PBXFileReference; lastKnownFileType = sourcecode.swift; path = BasicDictApp.swift; sourceTree = "<group>"; };
		3FFFC33F2A55787F00D8C2C9 /* PokemonListView.swift */ = {isa = PBXFileReference; lastKnownFileType = sourcecode.swift; path = PokemonListView.swift; sourceTree = "<group>"; };
		3FFFC3412A55788000D8C2C9 /* Assets.xcassets */ = {isa = PBXFileReference; lastKnownFileType = folder.assetcatalog; path = Assets.xcassets; sourceTree = "<group>"; };
		3FFFC3442A55788000D8C2C9 /* Preview Assets.xcassets */ = {isa = PBXFileReference; lastKnownFileType = folder.assetcatalog; path = "Preview Assets.xcassets"; sourceTree = "<group>"; };
		3FFFC34C2A55790E00D8C2C9 /* Pokemon.swift */ = {isa = PBXFileReference; lastKnownFileType = sourcecode.swift; path = Pokemon.swift; sourceTree = "<group>"; };
		3FFFC34F2A5587BC00D8C2C9 /* PokemonType.swift */ = {isa = PBXFileReference; lastKnownFileType = sourcecode.swift; path = PokemonType.swift; sourceTree = "<group>"; };
		3FFFC3522A55883600D8C2C9 /* PockemonsData.swift */ = {isa = PBXFileReference; lastKnownFileType = sourcecode.swift; path = PockemonsData.swift; sourceTree = "<group>"; };
		3FFFC3542A558ACE00D8C2C9 /* ContentView.swift */ = {isa = PBXFileReference; lastKnownFileType = sourcecode.swift; path = ContentView.swift; sourceTree = "<group>"; };
		3FFFC3562A558BCB00D8C2C9 /* PokemonDetailView.swift */ = {isa = PBXFileReference; lastKnownFileType = sourcecode.swift; path = PokemonDetailView.swift; sourceTree = "<group>"; };
		3FFFC3582A558C3800D8C2C9 /* PockemonCellView.swift */ = {isa = PBXFileReference; lastKnownFileType = sourcecode.swift; path = PockemonCellView.swift; sourceTree = "<group>"; };
/* End PBXFileReference section */

/* Begin PBXFrameworksBuildPhase section */
		3FFFC3372A55787F00D8C2C9 /* Frameworks */ = {
			isa = PBXFrameworksBuildPhase;
			buildActionMask = 2147483647;
			files = (
			);
			runOnlyForDeploymentPostprocessing = 0;
		};
/* End PBXFrameworksBuildPhase section */

/* Begin PBXGroup section */
		3FFFC3312A55787F00D8C2C9 = {
			isa = PBXGroup;
			children = (
				3FFFC33C2A55787F00D8C2C9 /* BasicDict */,
				3FFFC33B2A55787F00D8C2C9 /* Products */,
			);
			sourceTree = "<group>";
		};
		3FFFC33B2A55787F00D8C2C9 /* Products */ = {
			isa = PBXGroup;
			children = (
				3FFFC33A2A55787F00D8C2C9 /* BasicDict.app */,
			);
			name = Products;
			sourceTree = "<group>";
		};
		3FFFC33C2A55787F00D8C2C9 /* BasicDict */ = {
			isa = PBXGroup;
			children = (
				3FFFC33D2A55787F00D8C2C9 /* BasicDictApp.swift */,
				3FFFC34E2A557A5B00D8C2C9 /* View */,
				3FFFC3512A55882100D8C2C9 /* Data */,
				3FFFC34B2A5578EB00D8C2C9 /* Model */,
				3FFFC3412A55788000D8C2C9 /* Assets.xcassets */,
				3FFFC3432A55788000D8C2C9 /* Preview Content */,
			);
			path = BasicDict;
			sourceTree = "<group>";
		};
		3FFFC3432A55788000D8C2C9 /* Preview Content */ = {
			isa = PBXGroup;
			children = (
				3FFFC3442A55788000D8C2C9 /* Preview Assets.xcassets */,
			);
			path = "Preview Content";
			sourceTree = "<group>";
		};
		3FFFC34B2A5578EB00D8C2C9 /* Model */ = {
			isa = PBXGroup;
			children = (
				3FFFC34C2A55790E00D8C2C9 /* Pokemon.swift */,
				3FFFC34F2A5587BC00D8C2C9 /* PokemonType.swift */,
			);
			path = Model;
			sourceTree = "<group>";
		};
		3FFFC34E2A557A5B00D8C2C9 /* View */ = {
			isa = PBXGroup;
			children = (
				3FFFC3542A558ACE00D8C2C9 /* ContentView.swift */,
				3FFFC33F2A55787F00D8C2C9 /* PokemonListView.swift */,
				3FFFC3582A558C3800D8C2C9 /* PockemonCellView.swift */,
				3FFFC3562A558BCB00D8C2C9 /* PokemonDetailView.swift */,
			);
			path = View;
			sourceTree = "<group>";
		};
		3FFFC3512A55882100D8C2C9 /* Data */ = {
			isa = PBXGroup;
			children = (
				3FFFC3522A55883600D8C2C9 /* PockemonsData.swift */,
			);
			path = Data;
			sourceTree = "<group>";
		};
/* End PBXGroup section */

/* Begin PBXNativeTarget section */
		3FFFC3392A55787F00D8C2C9 /* BasicDict */ = {
			isa = PBXNativeTarget;
			buildConfigurationList = 3FFFC3482A55788000D8C2C9 /* Build configuration list for PBXNativeTarget "BasicDict" */;
			buildPhases = (
				3FFFC3362A55787F00D8C2C9 /* Sources */,
				3FFFC3372A55787F00D8C2C9 /* Frameworks */,
				3FFFC3382A55787F00D8C2C9 /* Resources */,
			);
			buildRules = (
			);
			dependencies = (
			);
			name = BasicDict;
			productName = BasicDict;
			productReference = 3FFFC33A2A55787F00D8C2C9 /* BasicDict.app */;
			productType = "com.apple.product-type.application";
		};
/* End PBXNativeTarget section */

/* Begin PBXProject section */
		3FFFC3322A55787F00D8C2C9 /* Project object */ = {
			isa = PBXProject;
			attributes = {
				BuildIndependentTargetsInParallel = 1;
				LastSwiftUpdateCheck = 1430;
				LastUpgradeCheck = 1430;
				TargetAttributes = {
					3FFFC3392A55787F00D8C2C9 = {
						CreatedOnToolsVersion = 14.3.1;
					};
				};
			};
			buildConfigurationList = 3FFFC3352A55787F00D8C2C9 /* Build configuration list for PBXProject "BasicDict" */;
			compatibilityVersion = "Xcode 14.0";
			developmentRegion = en;
			hasScannedForEncodings = 0;
			knownRegions = (
				en,
				Base,
			);
			mainGroup = 3FFFC3312A55787F00D8C2C9;
			productRefGroup = 3FFFC33B2A55787F00D8C2C9 /* Products */;
			projectDirPath = "";
			projectRoot = "";
			targets = (
				3FFFC3392A55787F00D8C2C9 /* BasicDict */,
			);
		};
/* End PBXProject section */

/* Begin PBXResourcesBuildPhase section */
		3FFFC3382A55787F00D8C2C9 /* Resources */ = {
			isa = PBXResourcesBuildPhase;
			buildActionMask = 2147483647;
			files = (
				3FFFC3452A55788000D8C2C9 /* Preview Assets.xcassets in Resources */,
				3FFFC3422A55788000D8C2C9 /* Assets.xcassets in Resources */,
			);
			runOnlyForDeploymentPostprocessing = 0;
		};
/* End PBXResourcesBuildPhase section */

/* Begin PBXSourcesBuildPhase section */
		3FFFC3362A55787F00D8C2C9 /* Sources */ = {
			isa = PBXSourcesBuildPhase;
			buildActionMask = 2147483647;
			files = (
				3FFFC3592A558C3800D8C2C9 /* PockemonCellView.swift in Sources */,
				3FFFC3402A55787F00D8C2C9 /* PokemonListView.swift in Sources */,
				3FFFC33E2A55787F00D8C2C9 /* BasicDictApp.swift in Sources */,
				3FFFC3552A558ACE00D8C2C9 /* ContentView.swift in Sources */,
				3FFFC3532A55883600D8C2C9 /* PockemonsData.swift in Sources */,
				3FFFC34D2A55790E00D8C2C9 /* Pokemon.swift in Sources */,
				3FFFC3572A558BCB00D8C2C9 /* PokemonDetailView.swift in Sources */,
				3FFFC3502A5587BC00D8C2C9 /* PokemonType.swift in Sources */,
			);
			runOnlyForDeploymentPostprocessing = 0;
		};
/* End PBXSourcesBuildPhase section */

/* Begin XCBuildConfiguration section */
		3FFFC3462A55788000D8C2C9 /* Debug */ = {
			isa = XCBuildConfiguration;
			buildSettings = {
				ALWAYS_SEARCH_USER_PATHS = NO;
				CLANG_ANALYZER_NONNULL = YES;
				CLANG_ANALYZER_NUMBER_OBJECT_CONVERSION = YES_AGGRESSIVE;
				CLANG_CXX_LANGUAGE_STANDARD = "gnu++20";
				CLANG_ENABLE_MODULES = YES;
				CLANG_ENABLE_OBJC_ARC = YES;
				CLANG_ENABLE_OBJC_WEAK = YES;
				CLANG_WARN_BLOCK_CAPTURE_AUTORELEASING = YES;
				CLANG_WARN_BOOL_CONVERSION = YES;
				CLANG_WARN_COMMA = YES;
				CLANG_WARN_CONSTANT_CONVERSION = YES;
				CLANG_WARN_DEPRECATED_OBJC_IMPLEMENTATIONS = YES;
				CLANG_WARN_DIRECT_OBJC_ISA_USAGE = YES_ERROR;
				CLANG_WARN_DOCUMENTATION_COMMENTS = YES;
				CLANG_WARN_EMPTY_BODY = YES;
				CLANG_WARN_ENUM_CONVERSION = YES;
				CLANG_WARN_INFINITE_RECURSION = YES;
				CLANG_WARN_INT_CONVERSION = YES;
				CLANG_WARN_NON_LITERAL_NULL_CONVERSION = YES;
				CLANG_WARN_OBJC_IMPLICIT_RETAIN_SELF = YES;
				CLANG_WARN_OBJC_LITERAL_CONVERSION = YES;
				CLANG_WARN_OBJC_ROOT_CLASS = YES_ERROR;
				CLANG_WARN_QUOTED_INCLUDE_IN_FRAMEWORK_HEADER = YES;
				CLANG_WARN_RANGE_LOOP_ANALYSIS = YES;
				CLANG_WARN_STRICT_PROTOTYPES = YES;
				CLANG_WARN_SUSPICIOUS_MOVE = YES;
				CLANG_WARN_UNGUARDED_AVAILABILITY = YES_AGGRESSIVE;
				CLANG_WARN_UNREACHABLE_CODE = YES;
				CLANG_WARN__DUPLICATE_METHOD_MATCH = YES;
				COPY_PHASE_STRIP = NO;
				DEBUG_INFORMATION_FORMAT = dwarf;
				ENABLE_STRICT_OBJC_MSGSEND = YES;
				ENABLE_TESTABILITY = YES;
				GCC_C_LANGUAGE_STANDARD = gnu11;
				GCC_DYNAMIC_NO_PIC = NO;
				GCC_NO_COMMON_BLOCKS = YES;
				GCC_OPTIMIZATION_LEVEL = 0;
				GCC_PREPROCESSOR_DEFINITIONS = (
					"DEBUG=1",
					"$(inherited)",
				);
				GCC_WARN_64_TO_32_BIT_CONVERSION = YES;
				GCC_WARN_ABOUT_RETURN_TYPE = YES_ERROR;
				GCC_WARN_UNDECLARED_SELECTOR = YES;
				GCC_WARN_UNINITIALIZED_AUTOS = YES_AGGRESSIVE;
				GCC_WARN_UNUSED_FUNCTION = YES;
				GCC_WARN_UNUSED_VARIABLE = YES;
				IPHONEOS_DEPLOYMENT_TARGET = 16.4;
				MTL_ENABLE_DEBUG_INFO = INCLUDE_SOURCE;
				MTL_FAST_MATH = YES;
				ONLY_ACTIVE_ARCH = YES;
				SDKROOT = iphoneos;
				SWIFT_ACTIVE_COMPILATION_CONDITIONS = DEBUG;
				SWIFT_OPTIMIZATION_LEVEL = "-Onone";
			};
			name = Debug;
		};
		3FFFC3472A55788000D8C2C9 /* Release */ = {
			isa = XCBuildConfiguration;
			buildSettings = {
				ALWAYS_SEARCH_USER_PATHS = NO;
				CLANG_ANALYZER_NONNULL = YES;
				CLANG_ANALYZER_NUMBER_OBJECT_CONVERSION = YES_AGGRESSIVE;
				CLANG_CXX_LANGUAGE_STANDARD = "gnu++20";
				CLANG_ENABLE_MODULES = YES;
				CLANG_ENABLE_OBJC_ARC = YES;
				CLANG_ENABLE_OBJC_WEAK = YES;
				CLANG_WARN_BLOCK_CAPTURE_AUTORELEASING = YES;
				CLANG_WARN_BOOL_CONVERSION = YES;
				CLANG_WARN_COMMA = YES;
				CLANG_WARN_CONSTANT_CONVERSION = YES;
				CLANG_WARN_DEPRECATED_OBJC_IMPLEMENTATIONS = YES;
				CLANG_WARN_DIRECT_OBJC_ISA_USAGE = YES_ERROR;
				CLANG_WARN_DOCUMENTATION_COMMENTS = YES;
				CLANG_WARN_EMPTY_BODY = YES;
				CLANG_WARN_ENUM_CONVERSION = YES;
				CLANG_WARN_INFINITE_RECURSION = YES;
				CLANG_WARN_INT_CONVERSION = YES;
				CLANG_WARN_NON_LITERAL_NULL_CONVERSION = YES;
				CLANG_WARN_OBJC_IMPLICIT_RETAIN_SELF = YES;
				CLANG_WARN_OBJC_LITERAL_CONVERSION = YES;
				CLANG_WARN_OBJC_ROOT_CLASS = YES_ERROR;
				CLANG_WARN_QUOTED_INCLUDE_IN_FRAMEWORK_HEADER = YES;
				CLANG_WARN_RANGE_LOOP_ANALYSIS = YES;
				CLANG_WARN_STRICT_PROTOTYPES = YES;
				CLANG_WARN_SUSPICIOUS_MOVE = YES;
				CLANG_WARN_UNGUARDED_AVAILABILITY = YES_AGGRESSIVE;
				CLANG_WARN_UNREACHABLE_CODE = YES;
				CLANG_WARN__DUPLICATE_METHOD_MATCH = YES;
				COPY_PHASE_STRIP = NO;
				DEBUG_INFORMATION_FORMAT = "dwarf-with-dsym";
				ENABLE_NS_ASSERTIONS = NO;
				ENABLE_STRICT_OBJC_MSGSEND = YES;
				GCC_C_LANGUAGE_STANDARD = gnu11;
				GCC_NO_COMMON_BLOCKS = YES;
				GCC_WARN_64_TO_32_BIT_CONVERSION = YES;
				GCC_WARN_ABOUT_RETURN_TYPE = YES_ERROR;
				GCC_WARN_UNDECLARED_SELECTOR = YES;
				GCC_WARN_UNINITIALIZED_AUTOS = YES_AGGRESSIVE;
				GCC_WARN_UNUSED_FUNCTION = YES;
				GCC_WARN_UNUSED_VARIABLE = YES;
				IPHONEOS_DEPLOYMENT_TARGET = 16.4;
				MTL_ENABLE_DEBUG_INFO = NO;
				MTL_FAST_MATH = YES;
				SDKROOT = iphoneos;
				SWIFT_COMPILATION_MODE = wholemodule;
				SWIFT_OPTIMIZATION_LEVEL = "-O";
				VALIDATE_PRODUCT = YES;
			};
			name = Release;
		};
		3FFFC3492A55788000D8C2C9 /* Debug */ = {
			isa = XCBuildConfiguration;
			buildSettings = {
				ASSETCATALOG_COMPILER_APPICON_NAME = AppIcon;
				ASSETCATALOG_COMPILER_GLOBAL_ACCENT_COLOR_NAME = AccentColor;
				CODE_SIGN_STYLE = Automatic;
				CURRENT_PROJECT_VERSION = 1;
				DEVELOPMENT_ASSET_PATHS = "\"BasicDict/Preview Content\"";
				DEVELOPMENT_TEAM = KQR52SK4D7;
				ENABLE_PREVIEWS = YES;
				GENERATE_INFOPLIST_FILE = YES;
				INFOPLIST_KEY_UIApplicationSceneManifest_Generation = YES;
				INFOPLIST_KEY_UIApplicationSupportsIndirectInputEvents = YES;
				INFOPLIST_KEY_UILaunchScreen_Generation = YES;
				INFOPLIST_KEY_UISupportedInterfaceOrientations_iPad = "UIInterfaceOrientationPortrait UIInterfaceOrientationPortraitUpsideDown UIInterfaceOrientationLandscapeLeft UIInterfaceOrientationLandscapeRight";
				INFOPLIST_KEY_UISupportedInterfaceOrientations_iPhone = "UIInterfaceOrientationPortrait UIInterfaceOrientationLandscapeLeft UIInterfaceOrientationLandscapeRight";
				LD_RUNPATH_SEARCH_PATHS = (
					"$(inherited)",
					"@executable_path/Frameworks",
				);
				MARKETING_VERSION = 1.0;
				PRODUCT_BUNDLE_IDENTIFIER = "yuhhoon-jang.BasicDict";
				PRODUCT_NAME = "$(TARGET_NAME)";
				SWIFT_EMIT_LOC_STRINGS = YES;
				SWIFT_VERSION = 5.0;
				TARGETED_DEVICE_FAMILY = "1,2";
			};
			name = Debug;
		};
		3FFFC34A2A55788000D8C2C9 /* Release */ = {
			isa = XCBuildConfiguration;
			buildSettings = {
				ASSETCATALOG_COMPILER_APPICON_NAME = AppIcon;
				ASSETCATALOG_COMPILER_GLOBAL_ACCENT_COLOR_NAME = AccentColor;
				CODE_SIGN_STYLE = Automatic;
				CURRENT_PROJECT_VERSION = 1;
				DEVELOPMENT_ASSET_PATHS = "\"BasicDict/Preview Content\"";
				DEVELOPMENT_TEAM = KQR52SK4D7;
				ENABLE_PREVIEWS = YES;
				GENERATE_INFOPLIST_FILE = YES;
				INFOPLIST_KEY_UIApplicationSceneManifest_Generation = YES;
				INFOPLIST_KEY_UIApplicationSupportsIndirectInputEvents = YES;
				INFOPLIST_KEY_UILaunchScreen_Generation = YES;
				INFOPLIST_KEY_UISupportedInterfaceOrientations_iPad = "UIInterfaceOrientationPortrait UIInterfaceOrientationPortraitUpsideDown UIInterfaceOrientationLandscapeLeft UIInterfaceOrientationLandscapeRight";
				INFOPLIST_KEY_UISupportedInterfaceOrientations_iPhone = "UIInterfaceOrientationPortrait UIInterfaceOrientationLandscapeLeft UIInterfaceOrientationLandscapeRight";
				LD_RUNPATH_SEARCH_PATHS = (
					"$(inherited)",
					"@executable_path/Frameworks",
				);
				MARKETING_VERSION = 1.0;
				PRODUCT_BUNDLE_IDENTIFIER = "yuhhoon-jang.BasicDict";
				PRODUCT_NAME = "$(TARGET_NAME)";
				SWIFT_EMIT_LOC_STRINGS = YES;
				SWIFT_VERSION = 5.0;
				TARGETED_DEVICE_FAMILY = "1,2";
			};
			name = Release;
		};
/* End XCBuildConfiguration section */

/* Begin XCConfigurationList section */
		3FFFC3352A55787F00D8C2C9 /* Build configuration list for PBXProject "BasicDict" */ = {
			isa = XCConfigurationList;
			buildConfigurations = (
				3FFFC3462A55788000D8C2C9 /* Debug */,
				3FFFC3472A55788000D8C2C9 /* Release */,
			);
			defaultConfigurationIsVisible = 0;
			defaultConfigurationName = Release;
		};
		3FFFC3482A55788000D8C2C9 /* Build configuration list for PBXNativeTarget "BasicDict" */ = {
			isa = XCConfigurationList;
			buildConfigurations = (
				3FFFC3492A55788000D8C2C9 /* Debug */,
				3FFFC34A2A55788000D8C2C9 /* Release */,
			);
			defaultConfigurationIsVisible = 0;
			defaultConfigurationName = Release;
		};
/* End XCConfigurationList section */
	};
	rootObject = 3FFFC3322A55787F00D8C2C9 /* Project object */;
}
