// !$*UTF8*$!
{
	archiveVersion = 1;
	classes = {
	};
	objectVersion = 56;
	objects = {

/* Begin PBXBuildFile section */
		3F8BA6BE2A715D4200C74B51 /* friends.json in Resources */ = {isa = PBXBuildFile; fileRef = 3F8BA6BD2A715D4200C74B51 /* friends.json */; };
		3FF91FDD2A7127B100BB02A6 /* FriendsWarApp.swift in Sources */ = {isa = PBXBuildFile; fileRef = 3FF91FDC2A7127B100BB02A6 /* FriendsWarApp.swift */; };
		3FF91FDF2A7127B100BB02A6 /* ContentView.swift in Sources */ = {isa = PBXBuildFile; fileRef = 3FF91FDE2A7127B100BB02A6 /* ContentView.swift */; };
		3FF91FE12A7127B200BB02A6 /* Assets.xcassets in Resources */ = {isa = PBXBuildFile; fileRef = 3FF91FE02A7127B200BB02A6 /* Assets.xcassets */; };
		3FF91FE42A7127B200BB02A6 /* Preview Assets.xcassets in Resources */ = {isa = PBXBuildFile; fileRef = 3FF91FE32A7127B200BB02A6 /* Preview Assets.xcassets */; };
		3FF91FED2A712A0C00BB02A6 /* SelectedFriendsView.swift in Sources */ = {isa = PBXBuildFile; fileRef = 3FF91FEC2A712A0C00BB02A6 /* SelectedFriendsView.swift */; };
		3FF91FEF2A712B2300BB02A6 /* AddingFriendView.swift in Sources */ = {isa = PBXBuildFile; fileRef = 3FF91FEE2A712B2300BB02A6 /* AddingFriendView.swift */; };
		3FF91FF12A712C2600BB02A6 /* RankingFriendsView.swift in Sources */ = {isa = PBXBuildFile; fileRef = 3FF91FF02A712C2600BB02A6 /* RankingFriendsView.swift */; };
		3FF91FF32A712D3300BB02A6 /* Friend.swift in Sources */ = {isa = PBXBuildFile; fileRef = 3FF91FF22A712D3300BB02A6 /* Friend.swift */; };
		3FF91FF52A712D7E00BB02A6 /* FriendStore.swift in Sources */ = {isa = PBXBuildFile; fileRef = 3FF91FF42A712D7E00BB02A6 /* FriendStore.swift */; };
/* End PBXBuildFile section */

/* Begin PBXFileReference section */
		3F8BA6BD2A715D4200C74B51 /* friends.json */ = {isa = PBXFileReference; fileEncoding = 4; lastKnownFileType = text.json; path = friends.json; sourceTree = "<group>"; };
		3FF91FD92A7127B100BB02A6 /* FriendsWar.app */ = {isa = PBXFileReference; explicitFileType = wrapper.application; includeInIndex = 0; path = FriendsWar.app; sourceTree = BUILT_PRODUCTS_DIR; };
		3FF91FDC2A7127B100BB02A6 /* FriendsWarApp.swift */ = {isa = PBXFileReference; lastKnownFileType = sourcecode.swift; path = FriendsWarApp.swift; sourceTree = "<group>"; };
		3FF91FDE2A7127B100BB02A6 /* ContentView.swift */ = {isa = PBXFileReference; lastKnownFileType = sourcecode.swift; path = ContentView.swift; sourceTree = "<group>"; };
		3FF91FE02A7127B200BB02A6 /* Assets.xcassets */ = {isa = PBXFileReference; lastKnownFileType = folder.assetcatalog; path = Assets.xcassets; sourceTree = "<group>"; };
		3FF91FE32A7127B200BB02A6 /* Preview Assets.xcassets */ = {isa = PBXFileReference; lastKnownFileType = folder.assetcatalog; path = "Preview Assets.xcassets"; sourceTree = "<group>"; };
		3FF91FEC2A712A0C00BB02A6 /* SelectedFriendsView.swift */ = {isa = PBXFileReference; lastKnownFileType = sourcecode.swift; path = SelectedFriendsView.swift; sourceTree = "<group>"; };
		3FF91FEE2A712B2300BB02A6 /* AddingFriendView.swift */ = {isa = PBXFileReference; lastKnownFileType = sourcecode.swift; path = AddingFriendView.swift; sourceTree = "<group>"; };
		3FF91FF02A712C2600BB02A6 /* RankingFriendsView.swift */ = {isa = PBXFileReference; lastKnownFileType = sourcecode.swift; path = RankingFriendsView.swift; sourceTree = "<group>"; };
		3FF91FF22A712D3300BB02A6 /* Friend.swift */ = {isa = PBXFileReference; lastKnownFileType = sourcecode.swift; path = Friend.swift; sourceTree = "<group>"; };
		3FF91FF42A712D7E00BB02A6 /* FriendStore.swift */ = {isa = PBXFileReference; lastKnownFileType = sourcecode.swift; path = FriendStore.swift; sourceTree = "<group>"; };
		3FF91FF82A714EEA00BB02A6 /* README.md */ = {isa = PBXFileReference; lastKnownFileType = net.daringfireball.markdown; path = README.md; sourceTree = "<group>"; };
/* End PBXFileReference section */

/* Begin PBXFrameworksBuildPhase section */
		3FF91FD62A7127B100BB02A6 /* Frameworks */ = {
			isa = PBXFrameworksBuildPhase;
			buildActionMask = 2147483647;
			files = (
			);
			runOnlyForDeploymentPostprocessing = 0;
		};
/* End PBXFrameworksBuildPhase section */

/* Begin PBXGroup section */
		3FF91FD02A7127B100BB02A6 = {
			isa = PBXGroup;
			children = (
				3FF91FF82A714EEA00BB02A6 /* README.md */,
				3FF91FDB2A7127B100BB02A6 /* FriendsWar */,
				3FF91FDA2A7127B100BB02A6 /* Products */,
			);
			sourceTree = "<group>";
		};
		3FF91FDA2A7127B100BB02A6 /* Products */ = {
			isa = PBXGroup;
			children = (
				3FF91FD92A7127B100BB02A6 /* FriendsWar.app */,
			);
			name = Products;
			sourceTree = "<group>";
		};
		3FF91FDB2A7127B100BB02A6 /* FriendsWar */ = {
			isa = PBXGroup;
			children = (
				3FF91FDC2A7127B100BB02A6 /* FriendsWarApp.swift */,
				3FF91FEB2A71299C00BB02A6 /* Data */,
				3FF91FEA2A71299400BB02A6 /* View */,
				3FF91FE02A7127B200BB02A6 /* Assets.xcassets */,
				3FF91FE22A7127B200BB02A6 /* Preview Content */,
			);
			path = FriendsWar;
			sourceTree = "<group>";
		};
		3FF91FE22A7127B200BB02A6 /* Preview Content */ = {
			isa = PBXGroup;
			children = (
				3FF91FE32A7127B200BB02A6 /* Preview Assets.xcassets */,
			);
			path = "Preview Content";
			sourceTree = "<group>";
		};
		3FF91FEA2A71299400BB02A6 /* View */ = {
			isa = PBXGroup;
			children = (
				3FF91FDE2A7127B100BB02A6 /* ContentView.swift */,
				3FF91FEC2A712A0C00BB02A6 /* SelectedFriendsView.swift */,
				3FF91FEE2A712B2300BB02A6 /* AddingFriendView.swift */,
				3FF91FF02A712C2600BB02A6 /* RankingFriendsView.swift */,
			);
			path = View;
			sourceTree = "<group>";
		};
		3FF91FEB2A71299C00BB02A6 /* Data */ = {
			isa = PBXGroup;
			children = (
				3FF91FF22A712D3300BB02A6 /* Friend.swift */,
				3FF91FF42A712D7E00BB02A6 /* FriendStore.swift */,
				3F8BA6BD2A715D4200C74B51 /* friends.json */,
			);
			path = Data;
			sourceTree = "<group>";
		};
/* End PBXGroup section */

/* Begin PBXNativeTarget section */
		3FF91FD82A7127B100BB02A6 /* FriendsWar */ = {
			isa = PBXNativeTarget;
			buildConfigurationList = 3FF91FE72A7127B200BB02A6 /* Build configuration list for PBXNativeTarget "FriendsWar" */;
			buildPhases = (
				3FF91FD52A7127B100BB02A6 /* Sources */,
				3FF91FD62A7127B100BB02A6 /* Frameworks */,
				3FF91FD72A7127B100BB02A6 /* Resources */,
			);
			buildRules = (
			);
			dependencies = (
			);
			name = FriendsWar;
			productName = FriendsWar;
			productReference = 3FF91FD92A7127B100BB02A6 /* FriendsWar.app */;
			productType = "com.apple.product-type.application";
		};
/* End PBXNativeTarget section */

/* Begin PBXProject section */
		3FF91FD12A7127B100BB02A6 /* Project object */ = {
			isa = PBXProject;
			attributes = {
				BuildIndependentTargetsInParallel = 1;
				LastSwiftUpdateCheck = 1430;
				LastUpgradeCheck = 1430;
				TargetAttributes = {
					3FF91FD82A7127B100BB02A6 = {
						CreatedOnToolsVersion = 14.3.1;
					};
				};
			};
			buildConfigurationList = 3FF91FD42A7127B100BB02A6 /* Build configuration list for PBXProject "FriendsWar" */;
			compatibilityVersion = "Xcode 14.0";
			developmentRegion = en;
			hasScannedForEncodings = 0;
			knownRegions = (
				en,
				Base,
			);
			mainGroup = 3FF91FD02A7127B100BB02A6;
			productRefGroup = 3FF91FDA2A7127B100BB02A6 /* Products */;
			projectDirPath = "";
			projectRoot = "";
			targets = (
				3FF91FD82A7127B100BB02A6 /* FriendsWar */,
			);
		};
/* End PBXProject section */

/* Begin PBXResourcesBuildPhase section */
		3FF91FD72A7127B100BB02A6 /* Resources */ = {
			isa = PBXResourcesBuildPhase;
			buildActionMask = 2147483647;
			files = (
				3FF91FE42A7127B200BB02A6 /* Preview Assets.xcassets in Resources */,
				3FF91FE12A7127B200BB02A6 /* Assets.xcassets in Resources */,
				3F8BA6BE2A715D4200C74B51 /* friends.json in Resources */,
			);
			runOnlyForDeploymentPostprocessing = 0;
		};
/* End PBXResourcesBuildPhase section */

/* Begin PBXSourcesBuildPhase section */
		3FF91FD52A7127B100BB02A6 /* Sources */ = {
			isa = PBXSourcesBuildPhase;
			buildActionMask = 2147483647;
			files = (
				3FF91FF12A712C2600BB02A6 /* RankingFriendsView.swift in Sources */,
				3FF91FDF2A7127B100BB02A6 /* ContentView.swift in Sources */,
				3FF91FED2A712A0C00BB02A6 /* SelectedFriendsView.swift in Sources */,
				3FF91FF32A712D3300BB02A6 /* Friend.swift in Sources */,
				3FF91FEF2A712B2300BB02A6 /* AddingFriendView.swift in Sources */,
				3FF91FF52A712D7E00BB02A6 /* FriendStore.swift in Sources */,
				3FF91FDD2A7127B100BB02A6 /* FriendsWarApp.swift in Sources */,
			);
			runOnlyForDeploymentPostprocessing = 0;
		};
/* End PBXSourcesBuildPhase section */

/* Begin XCBuildConfiguration section */
		3FF91FE52A7127B200BB02A6 /* Debug */ = {
			isa = XCBuildConfiguration;
			buildSettings = {
				ALWAYS_SEARCH_USER_PATHS = NO;
				CLANG_ANALYZER_NONNULL = YES;
				CLANG_ANALYZER_NUMBER_OBJECT_CONVERSION = YES_AGGRESSIVE;
				CLANG_CXX_LANGUAGE_STANDARD = "gnu++20";
				CLANG_ENABLE_MODULES = YES;
				CLANG_ENABLE_OBJC_ARC = YES;
				CLANG_ENABLE_OBJC_WEAK = YES;
				CLANG_WARN_BLOCK_CAPTURE_AUTORELEASING = YES;
				CLANG_WARN_BOOL_CONVERSION = YES;
				CLANG_WARN_COMMA = YES;
				CLANG_WARN_CONSTANT_CONVERSION = YES;
				CLANG_WARN_DEPRECATED_OBJC_IMPLEMENTATIONS = YES;
				CLANG_WARN_DIRECT_OBJC_ISA_USAGE = YES_ERROR;
				CLANG_WARN_DOCUMENTATION_COMMENTS = YES;
				CLANG_WARN_EMPTY_BODY = YES;
				CLANG_WARN_ENUM_CONVERSION = YES;
				CLANG_WARN_INFINITE_RECURSION = YES;
				CLANG_WARN_INT_CONVERSION = YES;
				CLANG_WARN_NON_LITERAL_NULL_CONVERSION = YES;
				CLANG_WARN_OBJC_IMPLICIT_RETAIN_SELF = YES;
				CLANG_WARN_OBJC_LITERAL_CONVERSION = YES;
				CLANG_WARN_OBJC_ROOT_CLASS = YES_ERROR;
				CLANG_WARN_QUOTED_INCLUDE_IN_FRAMEWORK_HEADER = YES;
				CLANG_WARN_RANGE_LOOP_ANALYSIS = YES;
				CLANG_WARN_STRICT_PROTOTYPES = YES;
				CLANG_WARN_SUSPICIOUS_MOVE = YES;
				CLANG_WARN_UNGUARDED_AVAILABILITY = YES_AGGRESSIVE;
				CLANG_WARN_UNREACHABLE_CODE = YES;
				CLANG_WARN__DUPLICATE_METHOD_MATCH = YES;
				COPY_PHASE_STRIP = NO;
				DEBUG_INFORMATION_FORMAT = dwarf;
				ENABLE_STRICT_OBJC_MSGSEND = YES;
				ENABLE_TESTABILITY = YES;
				GCC_C_LANGUAGE_STANDARD = gnu11;
				GCC_DYNAMIC_NO_PIC = NO;
				GCC_NO_COMMON_BLOCKS = YES;
				GCC_OPTIMIZATION_LEVEL = 0;
				GCC_PREPROCESSOR_DEFINITIONS = (
					"DEBUG=1",
					"$(inherited)",
				);
				GCC_WARN_64_TO_32_BIT_CONVERSION = YES;
				GCC_WARN_ABOUT_RETURN_TYPE = YES_ERROR;
				GCC_WARN_UNDECLARED_SELECTOR = YES;
				GCC_WARN_UNINITIALIZED_AUTOS = YES_AGGRESSIVE;
				GCC_WARN_UNUSED_FUNCTION = YES;
				GCC_WARN_UNUSED_VARIABLE = YES;
				IPHONEOS_DEPLOYMENT_TARGET = 16.4;
				MTL_ENABLE_DEBUG_INFO = INCLUDE_SOURCE;
				MTL_FAST_MATH = YES;
				ONLY_ACTIVE_ARCH = YES;
				SDKROOT = iphoneos;
				SWIFT_ACTIVE_COMPILATION_CONDITIONS = DEBUG;
				SWIFT_OPTIMIZATION_LEVEL = "-Onone";
			};
			name = Debug;
		};
		3FF91FE62A7127B200BB02A6 /* Release */ = {
			isa = XCBuildConfiguration;
			buildSettings = {
				ALWAYS_SEARCH_USER_PATHS = NO;
				CLANG_ANALYZER_NONNULL = YES;
				CLANG_ANALYZER_NUMBER_OBJECT_CONVERSION = YES_AGGRESSIVE;
				CLANG_CXX_LANGUAGE_STANDARD = "gnu++20";
				CLANG_ENABLE_MODULES = YES;
				CLANG_ENABLE_OBJC_ARC = YES;
				CLANG_ENABLE_OBJC_WEAK = YES;
				CLANG_WARN_BLOCK_CAPTURE_AUTORELEASING = YES;
				CLANG_WARN_BOOL_CONVERSION = YES;
				CLANG_WARN_COMMA = YES;
				CLANG_WARN_CONSTANT_CONVERSION = YES;
				CLANG_WARN_DEPRECATED_OBJC_IMPLEMENTATIONS = YES;
				CLANG_WARN_DIRECT_OBJC_ISA_USAGE = YES_ERROR;
				CLANG_WARN_DOCUMENTATION_COMMENTS = YES;
				CLANG_WARN_EMPTY_BODY = YES;
				CLANG_WARN_ENUM_CONVERSION = YES;
				CLANG_WARN_INFINITE_RECURSION = YES;
				CLANG_WARN_INT_CONVERSION = YES;
				CLANG_WARN_NON_LITERAL_NULL_CONVERSION = YES;
				CLANG_WARN_OBJC_IMPLICIT_RETAIN_SELF = YES;
				CLANG_WARN_OBJC_LITERAL_CONVERSION = YES;
				CLANG_WARN_OBJC_ROOT_CLASS = YES_ERROR;
				CLANG_WARN_QUOTED_INCLUDE_IN_FRAMEWORK_HEADER = YES;
				CLANG_WARN_RANGE_LOOP_ANALYSIS = YES;
				CLANG_WARN_STRICT_PROTOTYPES = YES;
				CLANG_WARN_SUSPICIOUS_MOVE = YES;
				CLANG_WARN_UNGUARDED_AVAILABILITY = YES_AGGRESSIVE;
				CLANG_WARN_UNREACHABLE_CODE = YES;
				CLANG_WARN__DUPLICATE_METHOD_MATCH = YES;
				COPY_PHASE_STRIP = NO;
				DEBUG_INFORMATION_FORMAT = "dwarf-with-dsym";
				ENABLE_NS_ASSERTIONS = NO;
				ENABLE_STRICT_OBJC_MSGSEND = YES;
				GCC_C_LANGUAGE_STANDARD = gnu11;
				GCC_NO_COMMON_BLOCKS = YES;
				GCC_WARN_64_TO_32_BIT_CONVERSION = YES;
				GCC_WARN_ABOUT_RETURN_TYPE = YES_ERROR;
				GCC_WARN_UNDECLARED_SELECTOR = YES;
				GCC_WARN_UNINITIALIZED_AUTOS = YES_AGGRESSIVE;
				GCC_WARN_UNUSED_FUNCTION = YES;
				GCC_WARN_UNUSED_VARIABLE = YES;
				IPHONEOS_DEPLOYMENT_TARGET = 16.4;
				MTL_ENABLE_DEBUG_INFO = NO;
				MTL_FAST_MATH = YES;
				SDKROOT = iphoneos;
				SWIFT_COMPILATION_MODE = wholemodule;
				SWIFT_OPTIMIZATION_LEVEL = "-O";
				VALIDATE_PRODUCT = YES;
			};
			name = Release;
		};
		3FF91FE82A7127B200BB02A6 /* Debug */ = {
			isa = XCBuildConfiguration;
			buildSettings = {
				ASSETCATALOG_COMPILER_APPICON_NAME = AppIcon;
				ASSETCATALOG_COMPILER_GLOBAL_ACCENT_COLOR_NAME = AccentColor;
				CODE_SIGN_STYLE = Automatic;
				CURRENT_PROJECT_VERSION = 1;
				DEVELOPMENT_ASSET_PATHS = "\"FriendsWar/Preview Content\"";
				DEVELOPMENT_TEAM = KQR52SK4D7;
				ENABLE_PREVIEWS = YES;
				GENERATE_INFOPLIST_FILE = YES;
				INFOPLIST_KEY_UIApplicationSceneManifest_Generation = YES;
				INFOPLIST_KEY_UIApplicationSupportsIndirectInputEvents = YES;
				INFOPLIST_KEY_UILaunchScreen_Generation = YES;
				INFOPLIST_KEY_UISupportedInterfaceOrientations_iPad = "UIInterfaceOrientationPortrait UIInterfaceOrientationPortraitUpsideDown UIInterfaceOrientationLandscapeLeft UIInterfaceOrientationLandscapeRight";
				INFOPLIST_KEY_UISupportedInterfaceOrientations_iPhone = "UIInterfaceOrientationPortrait UIInterfaceOrientationLandscapeLeft UIInterfaceOrientationLandscapeRight";
				LD_RUNPATH_SEARCH_PATHS = (
					"$(inherited)",
					"@executable_path/Frameworks",
				);
				MARKETING_VERSION = 1.0;
				PRODUCT_BUNDLE_IDENTIFIER = "yuhhoon-jang.FriendsWar";
				PRODUCT_NAME = "$(TARGET_NAME)";
				SWIFT_EMIT_LOC_STRINGS = YES;
				SWIFT_VERSION = 5.0;
				TARGETED_DEVICE_FAMILY = "1,2";
			};
			name = Debug;
		};
		3FF91FE92A7127B200BB02A6 /* Release */ = {
			isa = XCBuildConfiguration;
			buildSettings = {
				ASSETCATALOG_COMPILER_APPICON_NAME = AppIcon;
				ASSETCATALOG_COMPILER_GLOBAL_ACCENT_COLOR_NAME = AccentColor;
				CODE_SIGN_STYLE = Automatic;
				CURRENT_PROJECT_VERSION = 1;
				DEVELOPMENT_ASSET_PATHS = "\"FriendsWar/Preview Content\"";
				DEVELOPMENT_TEAM = KQR52SK4D7;
				ENABLE_PREVIEWS = YES;
				GENERATE_INFOPLIST_FILE = YES;
				INFOPLIST_KEY_UIApplicationSceneManifest_Generation = YES;
				INFOPLIST_KEY_UIApplicationSupportsIndirectInputEvents = YES;
				INFOPLIST_KEY_UILaunchScreen_Generation = YES;
				INFOPLIST_KEY_UISupportedInterfaceOrientations_iPad = "UIInterfaceOrientationPortrait UIInterfaceOrientationPortraitUpsideDown UIInterfaceOrientationLandscapeLeft UIInterfaceOrientationLandscapeRight";
				INFOPLIST_KEY_UISupportedInterfaceOrientations_iPhone = "UIInterfaceOrientationPortrait UIInterfaceOrientationLandscapeLeft UIInterfaceOrientationLandscapeRight";
				LD_RUNPATH_SEARCH_PATHS = (
					"$(inherited)",
					"@executable_path/Frameworks",
				);
				MARKETING_VERSION = 1.0;
				PRODUCT_BUNDLE_IDENTIFIER = "yuhhoon-jang.FriendsWar";
				PRODUCT_NAME = "$(TARGET_NAME)";
				SWIFT_EMIT_LOC_STRINGS = YES;
				SWIFT_VERSION = 5.0;
				TARGETED_DEVICE_FAMILY = "1,2";
			};
			name = Release;
		};
/* End XCBuildConfiguration section */

/* Begin XCConfigurationList section */
		3FF91FD42A7127B100BB02A6 /* Build configuration list for PBXProject "FriendsWar" */ = {
			isa = XCConfigurationList;
			buildConfigurations = (
				3FF91FE52A7127B200BB02A6 /* Debug */,
				3FF91FE62A7127B200BB02A6 /* Release */,
			);
			defaultConfigurationIsVisible = 0;
			defaultConfigurationName = Release;
		};
		3FF91FE72A7127B200BB02A6 /* Build configuration list for PBXNativeTarget "FriendsWar" */ = {
			isa = XCConfigurationList;
			buildConfigurations = (
				3FF91FE82A7127B200BB02A6 /* Debug */,
				3FF91FE92A7127B200BB02A6 /* Release */,
			);
			defaultConfigurationIsVisible = 0;
			defaultConfigurationName = Release;
		};
/* End XCConfigurationList section */
	};
	rootObject = 3FF91FD12A7127B100BB02A6 /* Project object */;
}
